// !$*UTF8*$!
{
	archiveVersion = 1;
	classes = {
	};
	objectVersion = 56;
	objects = {

/* Begin PBXBuildFile section */
		499C0DAC29B9F62300574FA7 /* FirebaseCrashlytics in Frameworks */ = {isa = PBXBuildFile; productRef = 499C0DAB29B9F62300574FA7 /* FirebaseCrashlytics */; };
		499C0DAF29BA0CF400574FA7 /* CoFoSans-Regular.ttf in Resources */ = {isa = PBXBuildFile; fileRef = 499C0DAD29BA0CF400574FA7 /* CoFoSans-Regular.ttf */; };
		499C0DB029BA0CF400574FA7 /* CoFoRedmadrobot-Regular.otf in Resources */ = {isa = PBXBuildFile; fileRef = 499C0DAE29BA0CF400574FA7 /* CoFoRedmadrobot-Regular.otf */; };
		499C0DB329BA14FE00574FA7 /* Helpers.swift in Sources */ = {isa = PBXBuildFile; fileRef = 499C0DB229BA14FE00574FA7 /* Helpers.swift */; };
		499C0DB529BA16DC00574FA7 /* ImagePicker.swift in Sources */ = {isa = PBXBuildFile; fileRef = 499C0DB429BA16DC00574FA7 /* ImagePicker.swift */; };
		499C0DB729BB17E300574FA7 /* TextLineView.swift in Sources */ = {isa = PBXBuildFile; fileRef = 499C0DB629BB17E300574FA7 /* TextLineView.swift */; };
		499C0DB929BB17FF00574FA7 /* DateEditorView.swift in Sources */ = {isa = PBXBuildFile; fileRef = 499C0DB829BB17FF00574FA7 /* DateEditorView.swift */; };
		499C0DBB29BB181000574FA7 /* FontEditorView.swift in Sources */ = {isa = PBXBuildFile; fileRef = 499C0DBA29BB181000574FA7 /* FontEditorView.swift */; };
		499C0DDB29BF285800574FA7 /* Month.swift in Sources */ = {isa = PBXBuildFile; fileRef = 499C0DD929BF285800574FA7 /* Month.swift */; };
		499C0DDC29BF285800574FA7 /* TextViewModel.swift in Sources */ = {isa = PBXBuildFile; fileRef = 499C0DDA29BF285800574FA7 /* TextViewModel.swift */; };
		499C0DDE29BF286200574FA7 /* Zoom.swift in Sources */ = {isa = PBXBuildFile; fileRef = 499C0DDD29BF286200574FA7 /* Zoom.swift */; };
		49A9012429B9E9AA000B588C /* GoogleService-Info.plist in Resources */ = {isa = PBXBuildFile; fileRef = 49A9012329B9E9AA000B588C /* GoogleService-Info.plist */; };
		49FB008629B719AC00C2AF09 /* MyCalendarApp.swift in Sources */ = {isa = PBXBuildFile; fileRef = 49FB008529B719AC00C2AF09 /* MyCalendarApp.swift */; };
		49FB008829B719AC00C2AF09 /* MainView.swift in Sources */ = {isa = PBXBuildFile; fileRef = 49FB008729B719AC00C2AF09 /* MainView.swift */; };
		49FB008A29B719AD00C2AF09 /* Assets.xcassets in Resources */ = {isa = PBXBuildFile; fileRef = 49FB008929B719AD00C2AF09 /* Assets.xcassets */; };
		49FB008D29B719AD00C2AF09 /* Preview Assets.xcassets in Resources */ = {isa = PBXBuildFile; fileRef = 49FB008C29B719AD00C2AF09 /* Preview Assets.xcassets */; };
		49FB009729B76A8400C2AF09 /* Launch Screen.storyboard in Resources */ = {isa = PBXBuildFile; fileRef = 49FB009629B76A8400C2AF09 /* Launch Screen.storyboard */; };
/* End PBXBuildFile section */

/* Begin PBXFileReference section */
		499C0DAD29BA0CF400574FA7 /* CoFoSans-Regular.ttf */ = {isa = PBXFileReference; lastKnownFileType = file; path = "CoFoSans-Regular.ttf"; sourceTree = "<group>"; };
		499C0DAE29BA0CF400574FA7 /* CoFoRedmadrobot-Regular.otf */ = {isa = PBXFileReference; lastKnownFileType = file; path = "CoFoRedmadrobot-Regular.otf"; sourceTree = "<group>"; };
		499C0DB229BA14FE00574FA7 /* Helpers.swift */ = {isa = PBXFileReference; lastKnownFileType = sourcecode.swift; path = Helpers.swift; sourceTree = "<group>"; };
		499C0DB429BA16DC00574FA7 /* ImagePicker.swift */ = {isa = PBXFileReference; lastKnownFileType = sourcecode.swift; path = ImagePicker.swift; sourceTree = "<group>"; };
		499C0DB629BB17E300574FA7 /* TextLineView.swift */ = {isa = PBXFileReference; lastKnownFileType = sourcecode.swift; path = TextLineView.swift; sourceTree = "<group>"; };
		499C0DB829BB17FF00574FA7 /* DateEditorView.swift */ = {isa = PBXFileReference; lastKnownFileType = sourcecode.swift; path = DateEditorView.swift; sourceTree = "<group>"; };
		499C0DBA29BB181000574FA7 /* FontEditorView.swift */ = {isa = PBXFileReference; lastKnownFileType = sourcecode.swift; path = FontEditorView.swift; sourceTree = "<group>"; };
		499C0DD929BF285800574FA7 /* Month.swift */ = {isa = PBXFileReference; fileEncoding = 4; lastKnownFileType = sourcecode.swift; path = Month.swift; sourceTree = "<group>"; };
		499C0DDA29BF285800574FA7 /* TextViewModel.swift */ = {isa = PBXFileReference; fileEncoding = 4; lastKnownFileType = sourcecode.swift; path = TextViewModel.swift; sourceTree = "<group>"; };
		499C0DDD29BF286200574FA7 /* Zoom.swift */ = {isa = PBXFileReference; fileEncoding = 4; lastKnownFileType = sourcecode.swift; path = Zoom.swift; sourceTree = "<group>"; };
		49A9012329B9E9AA000B588C /* GoogleService-Info.plist */ = {isa = PBXFileReference; fileEncoding = 4; lastKnownFileType = text.plist.xml; path = "GoogleService-Info.plist"; sourceTree = "<group>"; };
		49FB008229B719AC00C2AF09 /* MyCalendar.app */ = {isa = PBXFileReference; explicitFileType = wrapper.application; includeInIndex = 0; path = MyCalendar.app; sourceTree = BUILT_PRODUCTS_DIR; };
		49FB008529B719AC00C2AF09 /* MyCalendarApp.swift */ = {isa = PBXFileReference; lastKnownFileType = sourcecode.swift; path = MyCalendarApp.swift; sourceTree = "<group>"; };
		49FB008729B719AC00C2AF09 /* MainView.swift */ = {isa = PBXFileReference; lastKnownFileType = sourcecode.swift; path = MainView.swift; sourceTree = "<group>"; };
		49FB008929B719AD00C2AF09 /* Assets.xcassets */ = {isa = PBXFileReference; lastKnownFileType = folder.assetcatalog; path = Assets.xcassets; sourceTree = "<group>"; };
		49FB008C29B719AD00C2AF09 /* Preview Assets.xcassets */ = {isa = PBXFileReference; lastKnownFileType = folder.assetcatalog; path = "Preview Assets.xcassets"; sourceTree = "<group>"; };
		49FB009529B767CB00C2AF09 /* Info.plist */ = {isa = PBXFileReference; lastKnownFileType = text.plist.xml; path = Info.plist; sourceTree = "<group>"; };
		49FB009629B76A8400C2AF09 /* Launch Screen.storyboard */ = {isa = PBXFileReference; lastKnownFileType = file.storyboard; path = "Launch Screen.storyboard"; sourceTree = "<group>"; };
/* End PBXFileReference section */

/* Begin PBXFrameworksBuildPhase section */
		49FB007F29B719AC00C2AF09 /* Frameworks */ = {
			isa = PBXFrameworksBuildPhase;
			buildActionMask = 2147483647;
			files = (
				499C0DAC29B9F62300574FA7 /* FirebaseCrashlytics in Frameworks */,
			);
			runOnlyForDeploymentPostprocessing = 0;
		};
/* End PBXFrameworksBuildPhase section */

/* Begin PBXGroup section */
		499C0DAA29B9F62300574FA7 /* Frameworks */ = {
			isa = PBXGroup;
			children = (
			);
			name = Frameworks;
			sourceTree = "<group>";
		};
		499C0DB129BA0CFD00574FA7 /* Supporting Files */ = {
			isa = PBXGroup;
			children = (
				49FB008929B719AD00C2AF09 /* Assets.xcassets */,
				499C0DAE29BA0CF400574FA7 /* CoFoRedmadrobot-Regular.otf */,
				499C0DAD29BA0CF400574FA7 /* CoFoSans-Regular.ttf */,
				49FB009529B767CB00C2AF09 /* Info.plist */,
				49A9012329B9E9AA000B588C /* GoogleService-Info.plist */,
				49FB009629B76A8400C2AF09 /* Launch Screen.storyboard */,
			);
			path = "Supporting Files";
			sourceTree = "<group>";
		};
		499C0DBC29BB2BB400574FA7 /* View */ = {
			isa = PBXGroup;
			children = (
				49FB008729B719AC00C2AF09 /* MainView.swift */,
				499C0DBA29BB181000574FA7 /* FontEditorView.swift */,
				499C0DDD29BF286200574FA7 /* Zoom.swift */,
				499C0DB829BB17FF00574FA7 /* DateEditorView.swift */,
				499C0DB629BB17E300574FA7 /* TextLineView.swift */,
				499C0DB429BA16DC00574FA7 /* ImagePicker.swift */,
			);
			path = View;
			sourceTree = "<group>";
		};
		499C0DD829BF285800574FA7 /* ViewModels */ = {
			isa = PBXGroup;
			children = (
				499C0DD929BF285800574FA7 /* Month.swift */,
				499C0DDA29BF285800574FA7 /* TextViewModel.swift */,
			);
			path = ViewModels;
			sourceTree = "<group>";
		};
		49FB007929B719AC00C2AF09 = {
			isa = PBXGroup;
			children = (
				49FB008429B719AC00C2AF09 /* MyCalendar */,
				49FB008329B719AC00C2AF09 /* Products */,
				499C0DAA29B9F62300574FA7 /* Frameworks */,
			);
			sourceTree = "<group>";
		};
		49FB008329B719AC00C2AF09 /* Products */ = {
			isa = PBXGroup;
			children = (
				49FB008229B719AC00C2AF09 /* MyCalendar.app */,
			);
			name = Products;
			sourceTree = "<group>";
		};
		49FB008429B719AC00C2AF09 /* MyCalendar */ = {
			isa = PBXGroup;
			children = (
				499C0DB229BA14FE00574FA7 /* Helpers.swift */,
				49FB008529B719AC00C2AF09 /* MyCalendarApp.swift */,
				49FB008B29B719AD00C2AF09 /* Preview Content */,
				499C0DB129BA0CFD00574FA7 /* Supporting Files */,
				499C0DBC29BB2BB400574FA7 /* View */,
				499C0DD829BF285800574FA7 /* ViewModels */,
			);
			path = MyCalendar;
			sourceTree = "<group>";
		};
		49FB008B29B719AD00C2AF09 /* Preview Content */ = {
			isa = PBXGroup;
			children = (
				49FB008C29B719AD00C2AF09 /* Preview Assets.xcassets */,
			);
			path = "Preview Content";
			sourceTree = "<group>";
		};
/* End PBXGroup section */

/* Begin PBXNativeTarget section */
		49FB008129B719AC00C2AF09 /* MyCalendar */ = {
			isa = PBXNativeTarget;
			buildConfigurationList = 49FB009029B719AD00C2AF09 /* Build configuration list for PBXNativeTarget "MyCalendar" */;
			buildPhases = (
				49FB007E29B719AC00C2AF09 /* Sources */,
				49FB007F29B719AC00C2AF09 /* Frameworks */,
				49FB008029B719AC00C2AF09 /* Resources */,
			);
			buildRules = (
			);
			dependencies = (
			);
			name = MyCalendar;
			packageProductDependencies = (
				499C0DAB29B9F62300574FA7 /* FirebaseCrashlytics */,
			);
			productName = MyCalendar;
			productReference = 49FB008229B719AC00C2AF09 /* MyCalendar.app */;
			productType = "com.apple.product-type.application";
		};
/* End PBXNativeTarget section */

/* Begin PBXProject section */
		49FB007A29B719AC00C2AF09 /* Project object */ = {
			isa = PBXProject;
			attributes = {
				BuildIndependentTargetsInParallel = 1;
				LastSwiftUpdateCheck = 1420;
				LastUpgradeCheck = 1420;
				TargetAttributes = {
					49FB008129B719AC00C2AF09 = {
						CreatedOnToolsVersion = 14.2;
					};
				};
			};
			buildConfigurationList = 49FB007D29B719AC00C2AF09 /* Build configuration list for PBXProject "MyCalendar" */;
			compatibilityVersion = "Xcode 14.0";
			developmentRegion = en;
			hasScannedForEncodings = 0;
			knownRegions = (
				en,
				Base,
			);
			mainGroup = 49FB007929B719AC00C2AF09;
			packageReferences = (
				49A9012229B9E999000B588C /* XCRemoteSwiftPackageReference "firebase-ios-sdk" */,
			);
			productRefGroup = 49FB008329B719AC00C2AF09 /* Products */;
			projectDirPath = "";
			projectRoot = "";
			targets = (
				49FB008129B719AC00C2AF09 /* MyCalendar */,
			);
		};
/* End PBXProject section */

/* Begin PBXResourcesBuildPhase section */
		49FB008029B719AC00C2AF09 /* Resources */ = {
			isa = PBXResourcesBuildPhase;
			buildActionMask = 2147483647;
			files = (
				49FB009729B76A8400C2AF09 /* Launch Screen.storyboard in Resources */,
				499C0DB029BA0CF400574FA7 /* CoFoRedmadrobot-Regular.otf in Resources */,
				49A9012429B9E9AA000B588C /* GoogleService-Info.plist in Resources */,
				499C0DAF29BA0CF400574FA7 /* CoFoSans-Regular.ttf in Resources */,
				49FB008D29B719AD00C2AF09 /* Preview Assets.xcassets in Resources */,
				49FB008A29B719AD00C2AF09 /* Assets.xcassets in Resources */,
			);
			runOnlyForDeploymentPostprocessing = 0;
		};
/* End PBXResourcesBuildPhase section */

/* Begin PBXSourcesBuildPhase section */
		49FB007E29B719AC00C2AF09 /* Sources */ = {
			isa = PBXSourcesBuildPhase;
			buildActionMask = 2147483647;
			files = (
				49FB008829B719AC00C2AF09 /* MainView.swift in Sources */,
				499C0DB729BB17E300574FA7 /* TextLineView.swift in Sources */,
				499C0DDE29BF286200574FA7 /* Zoom.swift in Sources */,
				499C0DB529BA16DC00574FA7 /* ImagePicker.swift in Sources */,
				499C0DDC29BF285800574FA7 /* TextViewModel.swift in Sources */,
				499C0DBB29BB181000574FA7 /* FontEditorView.swift in Sources */,
				499C0DDB29BF285800574FA7 /* Month.swift in Sources */,
				499C0DB329BA14FE00574FA7 /* Helpers.swift in Sources */,
				49FB008629B719AC00C2AF09 /* MyCalendarApp.swift in Sources */,
				499C0DB929BB17FF00574FA7 /* DateEditorView.swift in Sources */,
			);
			runOnlyForDeploymentPostprocessing = 0;
		};
/* End PBXSourcesBuildPhase section */

/* Begin XCBuildConfiguration section */
		49FB008E29B719AD00C2AF09 /* Debug */ = {
			isa = XCBuildConfiguration;
			buildSettings = {
				ALWAYS_SEARCH_USER_PATHS = NO;
				CLANG_ANALYZER_NONNULL = YES;
				CLANG_ANALYZER_NUMBER_OBJECT_CONVERSION = YES_AGGRESSIVE;
				CLANG_CXX_LANGUAGE_STANDARD = "gnu++20";
				CLANG_ENABLE_MODULES = YES;
				CLANG_ENABLE_OBJC_ARC = YES;
				CLANG_ENABLE_OBJC_WEAK = YES;
				CLANG_WARN_BLOCK_CAPTURE_AUTORELEASING = YES;
				CLANG_WARN_BOOL_CONVERSION = YES;
				CLANG_WARN_COMMA = YES;
				CLANG_WARN_CONSTANT_CONVERSION = YES;
				CLANG_WARN_DEPRECATED_OBJC_IMPLEMENTATIONS = YES;
				CLANG_WARN_DIRECT_OBJC_ISA_USAGE = YES_ERROR;
				CLANG_WARN_DOCUMENTATION_COMMENTS = YES;
				CLANG_WARN_EMPTY_BODY = YES;
				CLANG_WARN_ENUM_CONVERSION = YES;
				CLANG_WARN_INFINITE_RECURSION = YES;
				CLANG_WARN_INT_CONVERSION = YES;
				CLANG_WARN_NON_LITERAL_NULL_CONVERSION = YES;
				CLANG_WARN_OBJC_IMPLICIT_RETAIN_SELF = YES;
				CLANG_WARN_OBJC_LITERAL_CONVERSION = YES;
				CLANG_WARN_OBJC_ROOT_CLASS = YES_ERROR;
				CLANG_WARN_QUOTED_INCLUDE_IN_FRAMEWORK_HEADER = YES;
				CLANG_WARN_RANGE_LOOP_ANALYSIS = YES;
				CLANG_WARN_STRICT_PROTOTYPES = YES;
				CLANG_WARN_SUSPICIOUS_MOVE = YES;
				CLANG_WARN_UNGUARDED_AVAILABILITY = YES_AGGRESSIVE;
				CLANG_WARN_UNREACHABLE_CODE = YES;
				CLANG_WARN__DUPLICATE_METHOD_MATCH = YES;
				COPY_PHASE_STRIP = NO;
				DEBUG_INFORMATION_FORMAT = dwarf;
				ENABLE_STRICT_OBJC_MSGSEND = YES;
				ENABLE_TESTABILITY = YES;
				GCC_C_LANGUAGE_STANDARD = gnu11;
				GCC_DYNAMIC_NO_PIC = NO;
				GCC_NO_COMMON_BLOCKS = YES;
				GCC_OPTIMIZATION_LEVEL = 0;
				GCC_PREPROCESSOR_DEFINITIONS = (
					"DEBUG=1",
					"$(inherited)",
				);
				GCC_WARN_64_TO_32_BIT_CONVERSION = YES;
				GCC_WARN_ABOUT_RETURN_TYPE = YES_ERROR;
				GCC_WARN_UNDECLARED_SELECTOR = YES;
				GCC_WARN_UNINITIALIZED_AUTOS = YES_AGGRESSIVE;
				GCC_WARN_UNUSED_FUNCTION = YES;
				GCC_WARN_UNUSED_VARIABLE = YES;
				IPHONEOS_DEPLOYMENT_TARGET = 16.2;
				MTL_ENABLE_DEBUG_INFO = INCLUDE_SOURCE;
				MTL_FAST_MATH = YES;
				ONLY_ACTIVE_ARCH = YES;
				SDKROOT = iphoneos;
				SWIFT_ACTIVE_COMPILATION_CONDITIONS = DEBUG;
				SWIFT_OPTIMIZATION_LEVEL = "-Onone";
			};
			name = Debug;
		};
		49FB008F29B719AD00C2AF09 /* Release */ = {
			isa = XCBuildConfiguration;
			buildSettings = {
				ALWAYS_SEARCH_USER_PATHS = NO;
				CLANG_ANALYZER_NONNULL = YES;
				CLANG_ANALYZER_NUMBER_OBJECT_CONVERSION = YES_AGGRESSIVE;
				CLANG_CXX_LANGUAGE_STANDARD = "gnu++20";
				CLANG_ENABLE_MODULES = YES;
				CLANG_ENABLE_OBJC_ARC = YES;
				CLANG_ENABLE_OBJC_WEAK = YES;
				CLANG_WARN_BLOCK_CAPTURE_AUTORELEASING = YES;
				CLANG_WARN_BOOL_CONVERSION = YES;
				CLANG_WARN_COMMA = YES;
				CLANG_WARN_CONSTANT_CONVERSION = YES;
				CLANG_WARN_DEPRECATED_OBJC_IMPLEMENTATIONS = YES;
				CLANG_WARN_DIRECT_OBJC_ISA_USAGE = YES_ERROR;
				CLANG_WARN_DOCUMENTATION_COMMENTS = YES;
				CLANG_WARN_EMPTY_BODY = YES;
				CLANG_WARN_ENUM_CONVERSION = YES;
				CLANG_WARN_INFINITE_RECURSION = YES;
				CLANG_WARN_INT_CONVERSION = YES;
				CLANG_WARN_NON_LITERAL_NULL_CONVERSION = YES;
				CLANG_WARN_OBJC_IMPLICIT_RETAIN_SELF = YES;
				CLANG_WARN_OBJC_LITERAL_CONVERSION = YES;
				CLANG_WARN_OBJC_ROOT_CLASS = YES_ERROR;
				CLANG_WARN_QUOTED_INCLUDE_IN_FRAMEWORK_HEADER = YES;
				CLANG_WARN_RANGE_LOOP_ANALYSIS = YES;
				CLANG_WARN_STRICT_PROTOTYPES = YES;
				CLANG_WARN_SUSPICIOUS_MOVE = YES;
				CLANG_WARN_UNGUARDED_AVAILABILITY = YES_AGGRESSIVE;
				CLANG_WARN_UNREACHABLE_CODE = YES;
				CLANG_WARN__DUPLICATE_METHOD_MATCH = YES;
				COPY_PHASE_STRIP = NO;
				DEBUG_INFORMATION_FORMAT = "dwarf-with-dsym";
				ENABLE_NS_ASSERTIONS = NO;
				ENABLE_STRICT_OBJC_MSGSEND = YES;
				GCC_C_LANGUAGE_STANDARD = gnu11;
				GCC_NO_COMMON_BLOCKS = YES;
				GCC_WARN_64_TO_32_BIT_CONVERSION = YES;
				GCC_WARN_ABOUT_RETURN_TYPE = YES_ERROR;
				GCC_WARN_UNDECLARED_SELECTOR = YES;
				GCC_WARN_UNINITIALIZED_AUTOS = YES_AGGRESSIVE;
				GCC_WARN_UNUSED_FUNCTION = YES;
				GCC_WARN_UNUSED_VARIABLE = YES;
				IPHONEOS_DEPLOYMENT_TARGET = 16.2;
				MTL_ENABLE_DEBUG_INFO = NO;
				MTL_FAST_MATH = YES;
				SDKROOT = iphoneos;
				SWIFT_COMPILATION_MODE = wholemodule;
				SWIFT_OPTIMIZATION_LEVEL = "-O";
				VALIDATE_PRODUCT = YES;
			};
			name = Release;
		};
		49FB009129B719AD00C2AF09 /* Debug */ = {
			isa = XCBuildConfiguration;
			buildSettings = {
				ASSETCATALOG_COMPILER_APPICON_NAME = AppIcon;
				ASSETCATALOG_COMPILER_GLOBAL_ACCENT_COLOR_NAME = AccentColor;
				"CODE_SIGN_IDENTITY[sdk=iphoneos*]" = "iPhone Developer";
				CODE_SIGN_STYLE = Manual;
				CURRENT_PROJECT_VERSION = 2;
				DEVELOPMENT_ASSET_PATHS = "\"MyCalendar/Preview Content\"";
				DEVELOPMENT_TEAM = "";
				"DEVELOPMENT_TEAM[sdk=iphoneos*]" = 42LRQS6X44;
				ENABLE_PREVIEWS = YES;
				GENERATE_INFOPLIST_FILE = YES;
				INFOPLIST_FILE = "MyCalendar/Supporting Files/Info.plist";
				INFOPLIST_KEY_CFBundleDisplayName = WallCal;
				INFOPLIST_KEY_LSApplicationCategoryType = "public.app-category.utilities";
				INFOPLIST_KEY_UIApplicationSceneManifest_Generation = YES;
				INFOPLIST_KEY_UIApplicationSupportsIndirectInputEvents = YES;
				INFOPLIST_KEY_UILaunchStoryboardName = "Launch Screen.storyboard";
				INFOPLIST_KEY_UISupportedInterfaceOrientations = UIInterfaceOrientationPortrait;
				IPHONEOS_DEPLOYMENT_TARGET = 16.0;
				LD_RUNPATH_SEARCH_PATHS = (
					"$(inherited)",
					"@executable_path/Frameworks",
				);
				MARKETING_VERSION = 1.0;
				PRODUCT_BUNDLE_IDENTIFIER = com.redmadrobot.wallcal;
				PRODUCT_NAME = "$(TARGET_NAME)";
				PROVISIONING_PROFILE_SPECIFIER = "";
				"PROVISIONING_PROFILE_SPECIFIER[sdk=iphoneos*]" = "WallCal Development";
				SUPPORTED_PLATFORMS = "iphoneos iphonesimulator";
				SUPPORTS_MACCATALYST = NO;
				SUPPORTS_MAC_DESIGNED_FOR_IPHONE_IPAD = NO;
				SWIFT_EMIT_LOC_STRINGS = YES;
				SWIFT_VERSION = 5.0;
				TARGETED_DEVICE_FAMILY = 1;
			};
			name = Debug;
		};
		49FB009229B719AD00C2AF09 /* Release */ = {
			isa = XCBuildConfiguration;
			buildSettings = {
				ASSETCATALOG_COMPILER_APPICON_NAME = AppIcon;
				ASSETCATALOG_COMPILER_GLOBAL_ACCENT_COLOR_NAME = AccentColor;
				CODE_SIGN_IDENTITY = "iPhone Distribution: Redmadrobot OOO";
				"CODE_SIGN_IDENTITY[sdk=iphoneos*]" = "iPhone Distribution: Redmadrobot OOO";
				CODE_SIGN_STYLE = Manual;
				CURRENT_PROJECT_VERSION = 2;
				DEVELOPMENT_ASSET_PATHS = "\"MyCalendar/Preview Content\"";
				DEVELOPMENT_TEAM = "";
				"DEVELOPMENT_TEAM[sdk=iphoneos*]" = 42LRQS6X44;
				ENABLE_PREVIEWS = YES;
				GENERATE_INFOPLIST_FILE = YES;
				INFOPLIST_FILE = "MyCalendar/Supporting Files/Info.plist";
				INFOPLIST_KEY_CFBundleDisplayName = WallCal;
				INFOPLIST_KEY_LSApplicationCategoryType = "public.app-category.utilities";
				INFOPLIST_KEY_UIApplicationSceneManifest_Generation = YES;
				INFOPLIST_KEY_UIApplicationSupportsIndirectInputEvents = YES;
				INFOPLIST_KEY_UILaunchStoryboardName = "Launch Screen.storyboard";
				INFOPLIST_KEY_UISupportedInterfaceOrientations = UIInterfaceOrientationPortrait;
				IPHONEOS_DEPLOYMENT_TARGET = 16.0;
				LD_RUNPATH_SEARCH_PATHS = (
					"$(inherited)",
					"@executable_path/Frameworks",
				);
				MARKETING_VERSION = 1.0;
				PRODUCT_BUNDLE_IDENTIFIER = com.redmadrobot.wallcal;
				PRODUCT_NAME = "$(TARGET_NAME)";
				PROVISIONING_PROFILE_SPECIFIER = "";
				"PROVISIONING_PROFILE_SPECIFIER[sdk=iphoneos*]" = "WallCal Distribution";
				SUPPORTED_PLATFORMS = "iphoneos iphonesimulator";
				SUPPORTS_MACCATALYST = NO;
				SUPPORTS_MAC_DESIGNED_FOR_IPHONE_IPAD = NO;
				SWIFT_EMIT_LOC_STRINGS = YES;
				SWIFT_VERSION = 5.0;
				TARGETED_DEVICE_FAMILY = 1;
			};
			name = Release;
		};
/* End XCBuildConfiguration section */

/* Begin XCConfigurationList section */
		49FB007D29B719AC00C2AF09 /* Build configuration list for PBXProject "MyCalendar" */ = {
			isa = XCConfigurationList;
			buildConfigurations = (
				49FB008E29B719AD00C2AF09 /* Debug */,
				49FB008F29B719AD00C2AF09 /* Release */,
			);
			defaultConfigurationIsVisible = 0;
			defaultConfigurationName = Release;
		};
		49FB009029B719AD00C2AF09 /* Build configuration list for PBXNativeTarget "MyCalendar" */ = {
			isa = XCConfigurationList;
			buildConfigurations = (
				49FB009129B719AD00C2AF09 /* Debug */,
				49FB009229B719AD00C2AF09 /* Release */,
			);
			defaultConfigurationIsVisible = 0;
			defaultConfigurationName = Release;
		};
/* End XCConfigurationList section */

/* Begin XCRemoteSwiftPackageReference section */
		49A9012229B9E999000B588C /* XCRemoteSwiftPackageReference "firebase-ios-sdk" */ = {
			isa = XCRemoteSwiftPackageReference;
			repositoryURL = "https://github.com/firebase/firebase-ios-sdk";
			requirement = {
				kind = upToNextMajorVersion;
				minimumVersion = 9.0.0;
			};
		};
/* End XCRemoteSwiftPackageReference section */

/* Begin XCSwiftPackageProductDependency section */
		499C0DAB29B9F62300574FA7 /* FirebaseCrashlytics */ = {
			isa = XCSwiftPackageProductDependency;
			package = 49A9012229B9E999000B588C /* XCRemoteSwiftPackageReference "firebase-ios-sdk" */;
			productName = FirebaseCrashlytics;
		};
/* End XCSwiftPackageProductDependency section */
	};
	rootObject = 49FB007A29B719AC00C2AF09 /* Project object */;
}
